
Microsoft Visual Studio Solution File, Format Version 12.00
# Visual Studio Version 16
VisualStudioVersion = 16.0.31702.278
MinimumVisualStudioVersion = 10.0.40219.1
Project("{9A19103F-16F7-4668-BE54-9A1E7A4F7556}") = "Razor_WebAPI_Application", "Razor_WebAPI_jQuery_AJAX\Razor_WebAPI_Application.csproj", "{8B431BAE-CA5E-4BD0-886F-05D1F3F82104}"
EndProject
Global
	GlobalSection(SolutionConfigurationPlatforms) = preSolution
		Debug|Any CPU = Debug|Any CPU
		Release|Any CPU = Release|Any CPU
	EndGlobalSection
	GlobalSection(ProjectConfigurationPlatforms) = postSolution
		{8B431BAE-CA5E-4BD0-886F-05D1F3F82104}.Debug|Any CPU.ActiveCfg = Debug|Any CPU
		{8B431BAE-CA5E-4BD0-886F-05D1F3F82104}.Debug|Any CPU.Build.0 = Debug|Any CPU
		{8B431BAE-CA5E-4BD0-886F-05D1F3F82104}.Release|Any CPU.ActiveCfg = Release|Any CPU
		{8B431BAE-CA5E-4BD0-886F-05D1F3F82104}.Release|Any CPU.Build.0 = Release|Any CPU
	EndGlobalSection
	GlobalSection(SolutionProperties) = preSolution
		HideSolutionNode = FALSE
	EndGlobalSection
	GlobalSection(ExtensibilityGlobals) = postSolution
		SolutionGuid = {ECB1B315-B121-4776-AB10-C8FE520BFA5F}
	EndGlobalSection
EndGlobal
